
Microsoft Visual Studio Solution File, Format Version 12.00
# Visual Studio Version 16
VisualStudioVersion = 16.0.32413.511
MinimumVisualStudioVersion = 10.0.40219.1
Project("{FAE04EC0-301F-11D3-BF4B-00C04F79EFBC}") = "QuanLyTHPT", "QuanLyTHPT\QuanLyTHPT.csproj", "{C5422B62-7901-4429-8205-4B7E730A2D76}"
EndProject
Project("{FAE04EC0-301F-11D3-BF4B-00C04F79EFBC}") = "DTO", "DTO\DTO.csproj", "{AA4E28EF-6418-41C5-A6BD-62635D44552B}"
EndProject
Project("{FAE04EC0-301F-11D3-BF4B-00C04F79EFBC}") = "DAL", "DAL\DAL.csproj", "{0A9D801A-8D48-424D-9659-0195735F9DBB}"
EndProject
Project("{FAE04EC0-301F-11D3-BF4B-00C04F79EFBC}") = "BLL", "BLL\BLL.csproj", "{D39944CA-DAE3-464D-B7C5-15B0757121BF}"
EndProject
Global
	GlobalSection(SolutionConfigurationPlatforms) = preSolution
		Debug|Any CPU = Debug|Any CPU
		Release|Any CPU = Release|Any CPU
	EndGlobalSection
	GlobalSection(ProjectConfigurationPlatforms) = postSolution
		{C5422B62-7901-4429-8205-4B7E730A2D76}.Debug|Any CPU.ActiveCfg = Debug|Any CPU
		{C5422B62-7901-4429-8205-4B7E730A2D76}.Debug|Any CPU.Build.0 = Debug|Any CPU
		{C5422B62-7901-4429-8205-4B7E730A2D76}.Release|Any CPU.ActiveCfg = Release|Any CPU
		{C5422B62-7901-4429-8205-4B7E730A2D76}.Release|Any CPU.Build.0 = Release|Any CPU
		{AA4E28EF-6418-41C5-A6BD-62635D44552B}.Debug|Any CPU.ActiveCfg = Debug|Any CPU
		{AA4E28EF-6418-41C5-A6BD-62635D44552B}.Debug|Any CPU.Build.0 = Debug|Any CPU
		{AA4E28EF-6418-41C5-A6BD-62635D44552B}.Release|Any CPU.ActiveCfg = Release|Any CPU
		{AA4E28EF-6418-41C5-A6BD-62635D44552B}.Release|Any CPU.Build.0 = Release|Any CPU
		{0A9D801A-8D48-424D-9659-0195735F9DBB}.Debug|Any CPU.ActiveCfg = Debug|Any CPU
		{0A9D801A-8D48-424D-9659-0195735F9DBB}.Debug|Any CPU.Build.0 = Debug|Any CPU
		{0A9D801A-8D48-424D-9659-0195735F9DBB}.Release|Any CPU.ActiveCfg = Release|Any CPU
		{0A9D801A-8D48-424D-9659-0195735F9DBB}.Release|Any CPU.Build.0 = Release|Any CPU
		{D39944CA-DAE3-464D-B7C5-15B0757121BF}.Debug|Any CPU.ActiveCfg = Debug|Any CPU
		{D39944CA-DAE3-464D-B7C5-15B0757121BF}.Debug|Any CPU.Build.0 = Debug|Any CPU
		{D39944CA-DAE3-464D-B7C5-15B0757121BF}.Release|Any CPU.ActiveCfg = Release|Any CPU
		{D39944CA-DAE3-464D-B7C5-15B0757121BF}.Release|Any CPU.Build.0 = Release|Any CPU
	EndGlobalSection
	GlobalSection(SolutionProperties) = preSolution
		HideSolutionNode = FALSE
	EndGlobalSection
	GlobalSection(ExtensibilityGlobals) = postSolution
		SolutionGuid = {36F658C6-F9B4-4522-91DD-680F9ECE6AEE}
	EndGlobalSection
EndGlobal
